
Microsoft Visual Studio Solution File, Format Version 12.00
# Visual Studio Version 17
VisualStudioVersion = 17.5.002.0
MinimumVisualStudioVersion = 10.0.40219.1
Project("{9A19103F-16F7-4668-BE54-9A1E7A4F7556}") = "ClassProject1", "ClassProject1.csproj", "{8DC51D03-2AC7-4BAD-ACD4-07BDA66F8FA1}"
EndProject
Global
	GlobalSection(SolutionConfigurationPlatforms) = preSolution
		Debug|Any CPU = Debug|Any CPU
		Release|Any CPU = Release|Any CPU
	EndGlobalSection
	GlobalSection(ProjectConfigurationPlatforms) = postSolution
		{8DC51D03-2AC7-4BAD-ACD4-07BDA66F8FA1}.Debug|Any CPU.ActiveCfg = Debug|Any CPU
		{8DC51D03-2AC7-4BAD-ACD4-07BDA66F8FA1}.Debug|Any CPU.Build.0 = Debug|Any CPU
		{8DC51D03-2AC7-4BAD-ACD4-07BDA66F8FA1}.Release|Any CPU.ActiveCfg = Release|Any CPU
		{8DC51D03-2AC7-4BAD-ACD4-07BDA66F8FA1}.Release|Any CPU.Build.0 = Release|Any CPU
	EndGlobalSection
	GlobalSection(SolutionProperties) = preSolution
		HideSolutionNode = FALSE
	EndGlobalSection
	GlobalSection(ExtensibilityGlobals) = postSolution
		SolutionGuid = {005AF0EA-A4A7-4D47-8BD9-AE130D7594FB}
	EndGlobalSection
EndGlobal
